
Microsoft Visual Studio Solution File, Format Version 12.00
# Visual Studio Version 18
VisualStudioVersion = 18.4.11626.88
MinimumVisualStudioVersion = 10.0.40219.1
Project("{FAE04EC0-301F-11D3-BF4B-00C04F79EFBC}") = "Grpc.Client", "gRPC\Client\Grpc.Client.csproj", "{0BBF619E-A940-C559-25B2-DD9117D3B932}"
EndProject
Project("{2150E333-8FDC-42A3-9474-1A3956D46DE8}") = "gRPC", "gRPC", "{02EA681E-C7D8-13C7-8484-4AC65E1B71E8}"
EndProject
Project("{2150E333-8FDC-42A3-9474-1A3956D46DE8}") = "Proto", "Proto", "{76F1F121-76EF-44C8-B42D-594A365394BB}"
	ProjectSection(SolutionItems) = preProject
		gRPC\Proto\Calculator.proto = gRPC\Proto\Calculator.proto
		gRPC\Proto\CountDown.proto = gRPC\Proto\CountDown.proto
		gRPC\Proto\Greeting.proto = gRPC\Proto\Greeting.proto
		HealthCheck.proto = HealthCheck.proto
	EndProjectSection
EndProject
Project("{FAE04EC0-301F-11D3-BF4B-00C04F79EFBC}") = "Grpc.Server", "gRPC\Server\Grpc.Server.csproj", "{8AF5BBFE-EB57-6FA7-BB3F-145B96EF7553}"
EndProject
Project("{2150E333-8FDC-42A3-9474-1A3956D46DE8}") = "GrpcAspNet", "GrpcAspNet", "{EC43065E-10EC-4D33-A392-BD0917D51B03}"
EndProject
Project("{FAE04EC0-301F-11D3-BF4B-00C04F79EFBC}") = "GrpcAspNet.Client", "gRPC ASP.NET\Client\GrpcAspNet.Client.csproj", "{E4F84651-B96A-1BE8-04E3-C4310E16AD85}"
EndProject
Project("{FAE04EC0-301F-11D3-BF4B-00C04F79EFBC}") = "GrpcAspNet.Contracts", "gRPC ASP.NET\Contracts\GrpcAspNet.Contracts.csproj", "{8CA8EDCD-7489-EAC8-98F7-DF3B2A615ACA}"
EndProject
Project("{FAE04EC0-301F-11D3-BF4B-00C04F79EFBC}") = "GrpcAspNet.Server", "gRPC ASP.NET\Server\GrpcAspNet.Server.csproj", "{ECD914C8-5956-97B7-8B59-B9070B3ADAA6}"
EndProject
Global
	GlobalSection(SolutionConfigurationPlatforms) = preSolution
		Debug|Any CPU = Debug|Any CPU
		Release|Any CPU = Release|Any CPU
	EndGlobalSection
	GlobalSection(ProjectConfigurationPlatforms) = postSolution
		{0BBF619E-A940-C559-25B2-DD9117D3B932}.Debug|Any CPU.ActiveCfg = Debug|Any CPU
		{0BBF619E-A940-C559-25B2-DD9117D3B932}.Debug|Any CPU.Build.0 = Debug|Any CPU
		{0BBF619E-A940-C559-25B2-DD9117D3B932}.Release|Any CPU.ActiveCfg = Release|Any CPU
		{0BBF619E-A940-C559-25B2-DD9117D3B932}.Release|Any CPU.Build.0 = Release|Any CPU
		{8AF5BBFE-EB57-6FA7-BB3F-145B96EF7553}.Debug|Any CPU.ActiveCfg = Debug|Any CPU
		{8AF5BBFE-EB57-6FA7-BB3F-145B96EF7553}.Debug|Any CPU.Build.0 = Debug|Any CPU
		{8AF5BBFE-EB57-6FA7-BB3F-145B96EF7553}.Release|Any CPU.ActiveCfg = Release|Any CPU
		{8AF5BBFE-EB57-6FA7-BB3F-145B96EF7553}.Release|Any CPU.Build.0 = Release|Any CPU
		{E4F84651-B96A-1BE8-04E3-C4310E16AD85}.Debug|Any CPU.ActiveCfg = Debug|Any CPU
		{E4F84651-B96A-1BE8-04E3-C4310E16AD85}.Debug|Any CPU.Build.0 = Debug|Any CPU
		{E4F84651-B96A-1BE8-04E3-C4310E16AD85}.Release|Any CPU.ActiveCfg = Release|Any CPU
		{E4F84651-B96A-1BE8-04E3-C4310E16AD85}.Release|Any CPU.Build.0 = Release|Any CPU
		{8CA8EDCD-7489-EAC8-98F7-DF3B2A615ACA}.Debug|Any CPU.ActiveCfg = Debug|Any CPU
		{8CA8EDCD-7489-EAC8-98F7-DF3B2A615ACA}.Debug|Any CPU.Build.0 = Debug|Any CPU
		{8CA8EDCD-7489-EAC8-98F7-DF3B2A615ACA}.Release|Any CPU.ActiveCfg = Release|Any CPU
		{8CA8EDCD-7489-EAC8-98F7-DF3B2A615ACA}.Release|Any CPU.Build.0 = Release|Any CPU
		{ECD914C8-5956-97B7-8B59-B9070B3ADAA6}.Debug|Any CPU.ActiveCfg = Debug|Any CPU
		{ECD914C8-5956-97B7-8B59-B9070B3ADAA6}.Debug|Any CPU.Build.0 = Debug|Any CPU
		{ECD914C8-5956-97B7-8B59-B9070B3ADAA6}.Release|Any CPU.ActiveCfg = Release|Any CPU
		{ECD914C8-5956-97B7-8B59-B9070B3ADAA6}.Release|Any CPU.Build.0 = Release|Any CPU
	EndGlobalSection
	GlobalSection(SolutionProperties) = preSolution
		HideSolutionNode = FALSE
	EndGlobalSection
	GlobalSection(NestedProjects) = preSolution
		{0BBF619E-A940-C559-25B2-DD9117D3B932} = {02EA681E-C7D8-13C7-8484-4AC65E1B71E8}
		{76F1F121-76EF-44C8-B42D-594A365394BB} = {02EA681E-C7D8-13C7-8484-4AC65E1B71E8}
		{8AF5BBFE-EB57-6FA7-BB3F-145B96EF7553} = {02EA681E-C7D8-13C7-8484-4AC65E1B71E8}
		{E4F84651-B96A-1BE8-04E3-C4310E16AD85} = {EC43065E-10EC-4D33-A392-BD0917D51B03}
		{8CA8EDCD-7489-EAC8-98F7-DF3B2A615ACA} = {EC43065E-10EC-4D33-A392-BD0917D51B03}
		{ECD914C8-5956-97B7-8B59-B9070B3ADAA6} = {EC43065E-10EC-4D33-A392-BD0917D51B03}
	EndGlobalSection
	GlobalSection(ExtensibilityGlobals) = postSolution
		SolutionGuid = {40A66CFB-13CF-4E04-9791-068C627C01A5}
	EndGlobalSection
EndGlobal
